
Microsoft Visual Studio Solution File, Format Version 12.00
# Visual Studio Version 17
VisualStudioVersion = 17.9.34723.18
MinimumVisualStudioVersion = 10.0.40219.1
Project("{FAE04EC0-301F-11D3-BF4B-00C04F79EFBC}") = "DWB.Api", "DWB.Api\DWB.Api.csproj", "{5EB4E619-1E46-4D8D-A62D-49B726EB8C57}"
EndProject
Global
	GlobalSection(SolutionConfigurationPlatforms) = preSolution
		Debug|Any CPU = Debug|Any CPU
		Release|Any CPU = Release|Any CPU
	EndGlobalSection
	GlobalSection(ProjectConfigurationPlatforms) = postSolution
		{5EB4E619-1E46-4D8D-A62D-49B726EB8C57}.Debug|Any CPU.ActiveCfg = Debug|Any CPU
		{5EB4E619-1E46-4D8D-A62D-49B726EB8C57}.Debug|Any CPU.Build.0 = Debug|Any CPU
		{5EB4E619-1E46-4D8D-A62D-49B726EB8C57}.Release|Any CPU.ActiveCfg = Release|Any CPU
		{5EB4E619-1E46-4D8D-A62D-49B726EB8C57}.Release|Any CPU.Build.0 = Release|Any CPU
	EndGlobalSection
	GlobalSection(SolutionProperties) = preSolution
		HideSolutionNode = FALSE
	EndGlobalSection
	GlobalSection(ExtensibilityGlobals) = postSolution
		SolutionGuid = {0111F08E-5518-48D2-A490-BFAF68A31ADC}
	EndGlobalSection
EndGlobal
